
Microsoft Visual Studio Solution File, Format Version 12.00
# Visual Studio Version 17
VisualStudioVersion = 17.6.33723.286
MinimumVisualStudioVersion = 10.0.40219.1
Project("{FAE04EC0-301F-11D3-BF4B-00C04F79EFBC}") = "TodoAppBackend", "TodoAppBackend\TodoAppBackend.csproj", "{B815A076-C638-4D8C-AA0F-2BCB6A8AF473}"
EndProject
Project("{FAE04EC0-301F-11D3-BF4B-00C04F79EFBC}") = "Todo.Application", "Todo.Application\Todo.Application.csproj", "{11549A6E-9591-4F28-A9FB-5CFC39AAFCE4}"
EndProject
Global
	GlobalSection(SolutionConfigurationPlatforms) = preSolution
		Debug|Any CPU = Debug|Any CPU
		Release|Any CPU = Release|Any CPU
	EndGlobalSection
	GlobalSection(ProjectConfigurationPlatforms) = postSolution
		{B815A076-C638-4D8C-AA0F-2BCB6A8AF473}.Debug|Any CPU.ActiveCfg = Debug|Any CPU
		{B815A076-C638-4D8C-AA0F-2BCB6A8AF473}.Debug|Any CPU.Build.0 = Debug|Any CPU
		{B815A076-C638-4D8C-AA0F-2BCB6A8AF473}.Release|Any CPU.ActiveCfg = Release|Any CPU
		{B815A076-C638-4D8C-AA0F-2BCB6A8AF473}.Release|Any CPU.Build.0 = Release|Any CPU
		{11549A6E-9591-4F28-A9FB-5CFC39AAFCE4}.Debug|Any CPU.ActiveCfg = Debug|Any CPU
		{11549A6E-9591-4F28-A9FB-5CFC39AAFCE4}.Debug|Any CPU.Build.0 = Debug|Any CPU
		{11549A6E-9591-4F28-A9FB-5CFC39AAFCE4}.Release|Any CPU.ActiveCfg = Release|Any CPU
		{11549A6E-9591-4F28-A9FB-5CFC39AAFCE4}.Release|Any CPU.Build.0 = Release|Any CPU
	EndGlobalSection
	GlobalSection(SolutionProperties) = preSolution
		HideSolutionNode = FALSE
	EndGlobalSection
	GlobalSection(ExtensibilityGlobals) = postSolution
		SolutionGuid = {F5B8019B-8072-45CB-B0DA-AA47DC9D0084}
	EndGlobalSection
EndGlobal
